// !$*UTF8*$!
{
	archiveVersion = 1;
	classes = {
	};
	objectVersion = 55;
	objects = {

/* Begin PBXBuildFile section */
		13C3F9B12CC54E430004F890 /* LeonQUIZZApp.swift in Sources */ = {isa = PBXBuildFile; fileRef = 13C3F9B02CC54E430004F890 /* LeonQUIZZApp.swift */; };
		13C3F9B32CC54E430004F890 /* ContentView.swift in Sources */ = {isa = PBXBuildFile; fileRef = 13C3F9B22CC54E430004F890 /* ContentView.swift */; };
		13C3F9B52CC54E470004F890 /* Assets.xcassets in Resources */ = {isa = PBXBuildFile; fileRef = 13C3F9B42CC54E470004F890 /* Assets.xcassets */; };
		13C3F9B82CC54E470004F890 /* Preview Assets.xcassets in Resources */ = {isa = PBXBuildFile; fileRef = 13C3F9B72CC54E470004F890 /* Preview Assets.xcassets */; };
		13C70DDF2CC58D5400A189F2 /* bleu.m4a in Resources */ = {isa = PBXBuildFile; fileRef = 13C70DD82CC58BA600A189F2 /* bleu.m4a */; };
		13C70DE02CC58D5700A189F2 /* carré.m4a in Resources */ = {isa = PBXBuildFile; fileRef = 13C70DDA2CC58BA600A189F2 /* carré.m4a */; };
		13C70DE12CC58D5A00A189F2 /* cercle.m4a in Resources */ = {isa = PBXBuildFile; fileRef = 13C70DD92CC58BA600A189F2 /* cercle.m4a */; };
		13C70DE22CC58D5E00A189F2 /* jaune.m4a in Resources */ = {isa = PBXBuildFile; fileRef = 13C70DDB2CC58BA600A189F2 /* jaune.m4a */; };
		13C70DE32CC58D6100A189F2 /* orange.m4a in Resources */ = {isa = PBXBuildFile; fileRef = 13C70DDE2CC58BA700A189F2 /* orange.m4a */; };
		13C70DE42CC58D6400A189F2 /* ou_est_le.m4a in Resources */ = {isa = PBXBuildFile; fileRef = 13C70DD72CC58BA600A189F2 /* ou_est_le.m4a */; };
		13C70DE52CC58D6700A189F2 /* rouge.m4a in Resources */ = {isa = PBXBuildFile; fileRef = 13C70DD62CC58BA600A189F2 /* rouge.m4a */; };
		13C70DE62CC58D6A00A189F2 /* triangle.m4a in Resources */ = {isa = PBXBuildFile; fileRef = 13C70DD52CC58BA600A189F2 /* triangle.m4a */; };
		13C70DE72CC58D6D00A189F2 /* violet.m4a in Resources */ = {isa = PBXBuildFile; fileRef = 13C70DDD2CC58BA700A189F2 /* violet.m4a */; };
		13C70DE82CC58D7100A189F2 /* vert.m4a in Resources */ = {isa = PBXBuildFile; fileRef = 13C70DDC2CC58BA700A189F2 /* vert.m4a */; };
		13C70DEB2CC58E7200A189F2 /* bravo.m4a in Resources */ = {isa = PBXBuildFile; fileRef = 13C70DE92CC58E7200A189F2 /* bravo.m4a */; };
		13C70DEC2CC58E7200A189F2 /* non.m4a in Resources */ = {isa = PBXBuildFile; fileRef = 13C70DEA2CC58E7200A189F2 /* non.m4a */; };
		13C70DF72CC5940200A189F2 /* 8.m4a in Resources */ = {isa = PBXBuildFile; fileRef = 13C70DED2CC5940100A189F2 /* 8.m4a */; };
		13C70DF82CC5940200A189F2 /* 2.m4a in Resources */ = {isa = PBXBuildFile; fileRef = 13C70DEE2CC5940100A189F2 /* 2.m4a */; };
		13C70DF92CC5940200A189F2 /* 4.m4a in Resources */ = {isa = PBXBuildFile; fileRef = 13C70DEF2CC5940100A189F2 /* 4.m4a */; };
		13C70DFA2CC5940200A189F2 /* 7.m4a in Resources */ = {isa = PBXBuildFile; fileRef = 13C70DF02CC5940100A189F2 /* 7.m4a */; };
		13C70DFB2CC5940200A189F2 /* 6.m4a in Resources */ = {isa = PBXBuildFile; fileRef = 13C70DF12CC5940100A189F2 /* 6.m4a */; };
		13C70DFC2CC5940200A189F2 /* 5.m4a in Resources */ = {isa = PBXBuildFile; fileRef = 13C70DF22CC5940100A189F2 /* 5.m4a */; };
		13C70DFD2CC5940200A189F2 /* chiffre.m4a in Resources */ = {isa = PBXBuildFile; fileRef = 13C70DF32CC5940200A189F2 /* chiffre.m4a */; };
		13C70DFE2CC5940200A189F2 /* 3.m4a in Resources */ = {isa = PBXBuildFile; fileRef = 13C70DF42CC5940200A189F2 /* 3.m4a */; };
		13C70DFF2CC5940200A189F2 /* 9.m4a in Resources */ = {isa = PBXBuildFile; fileRef = 13C70DF52CC5940200A189F2 /* 9.m4a */; };
		13C70E002CC5940200A189F2 /* 1.m4a in Resources */ = {isa = PBXBuildFile; fileRef = 13C70DF62CC5940200A189F2 /* 1.m4a */; };
/* End PBXBuildFile section */

/* Begin PBXFileReference section */
		13C3F9AD2CC54E430004F890 /* LeonQUIZZ.app */ = {isa = PBXFileReference; explicitFileType = wrapper.application; includeInIndex = 0; path = LeonQUIZZ.app; sourceTree = BUILT_PRODUCTS_DIR; };
		13C3F9B02CC54E430004F890 /* LeonQUIZZApp.swift */ = {isa = PBXFileReference; lastKnownFileType = sourcecode.swift; path = LeonQUIZZApp.swift; sourceTree = "<group>"; };
		13C3F9B22CC54E430004F890 /* ContentView.swift */ = {isa = PBXFileReference; lastKnownFileType = sourcecode.swift; path = ContentView.swift; sourceTree = "<group>"; };
		13C3F9B42CC54E470004F890 /* Assets.xcassets */ = {isa = PBXFileReference; lastKnownFileType = folder.assetcatalog; path = Assets.xcassets; sourceTree = "<group>"; };
		13C3F9B72CC54E470004F890 /* Preview Assets.xcassets */ = {isa = PBXFileReference; lastKnownFileType = folder.assetcatalog; path = "Preview Assets.xcassets"; sourceTree = "<group>"; };
		13C70DD52CC58BA600A189F2 /* triangle.m4a */ = {isa = PBXFileReference; lastKnownFileType = file; path = triangle.m4a; sourceTree = "<group>"; };
		13C70DD62CC58BA600A189F2 /* rouge.m4a */ = {isa = PBXFileReference; lastKnownFileType = file; path = rouge.m4a; sourceTree = "<group>"; };
		13C70DD72CC58BA600A189F2 /* ou_est_le.m4a */ = {isa = PBXFileReference; lastKnownFileType = file; path = ou_est_le.m4a; sourceTree = "<group>"; };
		13C70DD82CC58BA600A189F2 /* bleu.m4a */ = {isa = PBXFileReference; lastKnownFileType = file; path = bleu.m4a; sourceTree = "<group>"; };
		13C70DD92CC58BA600A189F2 /* cercle.m4a */ = {isa = PBXFileReference; lastKnownFileType = file; path = cercle.m4a; sourceTree = "<group>"; };
		13C70DDA2CC58BA600A189F2 /* carré.m4a */ = {isa = PBXFileReference; lastKnownFileType = file; path = "carré.m4a"; sourceTree = "<group>"; };
		13C70DDB2CC58BA600A189F2 /* jaune.m4a */ = {isa = PBXFileReference; lastKnownFileType = file; path = jaune.m4a; sourceTree = "<group>"; };
		13C70DDC2CC58BA700A189F2 /* vert.m4a */ = {isa = PBXFileReference; lastKnownFileType = file; path = vert.m4a; sourceTree = "<group>"; };
		13C70DDD2CC58BA700A189F2 /* violet.m4a */ = {isa = PBXFileReference; lastKnownFileType = file; path = violet.m4a; sourceTree = "<group>"; };
		13C70DDE2CC58BA700A189F2 /* orange.m4a */ = {isa = PBXFileReference; lastKnownFileType = file; path = orange.m4a; sourceTree = "<group>"; };
		13C70DE92CC58E7200A189F2 /* bravo.m4a */ = {isa = PBXFileReference; lastKnownFileType = file; path = bravo.m4a; sourceTree = "<group>"; };
		13C70DEA2CC58E7200A189F2 /* non.m4a */ = {isa = PBXFileReference; lastKnownFileType = file; path = non.m4a; sourceTree = "<group>"; };
		13C70DED2CC5940100A189F2 /* 8.m4a */ = {isa = PBXFileReference; lastKnownFileType = file; path = 8.m4a; sourceTree = "<group>"; };
		13C70DEE2CC5940100A189F2 /* 2.m4a */ = {isa = PBXFileReference; lastKnownFileType = file; path = 2.m4a; sourceTree = "<group>"; };
		13C70DEF2CC5940100A189F2 /* 4.m4a */ = {isa = PBXFileReference; lastKnownFileType = file; path = 4.m4a; sourceTree = "<group>"; };
		13C70DF02CC5940100A189F2 /* 7.m4a */ = {isa = PBXFileReference; lastKnownFileType = file; path = 7.m4a; sourceTree = "<group>"; };
		13C70DF12CC5940100A189F2 /* 6.m4a */ = {isa = PBXFileReference; lastKnownFileType = file; path = 6.m4a; sourceTree = "<group>"; };
		13C70DF22CC5940100A189F2 /* 5.m4a */ = {isa = PBXFileReference; lastKnownFileType = file; path = 5.m4a; sourceTree = "<group>"; };
		13C70DF32CC5940200A189F2 /* chiffre.m4a */ = {isa = PBXFileReference; lastKnownFileType = file; path = chiffre.m4a; sourceTree = "<group>"; };
		13C70DF42CC5940200A189F2 /* 3.m4a */ = {isa = PBXFileReference; lastKnownFileType = file; path = 3.m4a; sourceTree = "<group>"; };
		13C70DF52CC5940200A189F2 /* 9.m4a */ = {isa = PBXFileReference; lastKnownFileType = file; path = 9.m4a; sourceTree = "<group>"; };
		13C70DF62CC5940200A189F2 /* 1.m4a */ = {isa = PBXFileReference; lastKnownFileType = file; path = 1.m4a; sourceTree = "<group>"; };
		13DE56072CC56B1900DE64D5 /* Info.plist */ = {isa = PBXFileReference; lastKnownFileType = text.plist; path = Info.plist; sourceTree = "<group>"; };
/* End PBXFileReference section */

/* Begin PBXFrameworksBuildPhase section */
		13C3F9AA2CC54E430004F890 /* Frameworks */ = {
			isa = PBXFrameworksBuildPhase;
			buildActionMask = 2147483647;
			files = (
			);
			runOnlyForDeploymentPostprocessing = 0;
		};
/* End PBXFrameworksBuildPhase section */

/* Begin PBXGroup section */
		13C3F9A42CC54E430004F890 = {
			isa = PBXGroup;
			children = (
				13C3F9AF2CC54E430004F890 /* LeonQUIZZ */,
				13C3F9AE2CC54E430004F890 /* Products */,
			);
			sourceTree = "<group>";
		};
		13C3F9AE2CC54E430004F890 /* Products */ = {
			isa = PBXGroup;
			children = (
				13C3F9AD2CC54E430004F890 /* LeonQUIZZ.app */,
			);
			name = Products;
			sourceTree = "<group>";
		};
		13C3F9AF2CC54E430004F890 /* LeonQUIZZ */ = {
			isa = PBXGroup;
			children = (
				13C70DF62CC5940200A189F2 /* 1.m4a */,
				13C70DEE2CC5940100A189F2 /* 2.m4a */,
				13C70DF42CC5940200A189F2 /* 3.m4a */,
				13C70DEF2CC5940100A189F2 /* 4.m4a */,
				13C70DF22CC5940100A189F2 /* 5.m4a */,
				13C70DF12CC5940100A189F2 /* 6.m4a */,
				13C70DF02CC5940100A189F2 /* 7.m4a */,
				13C70DED2CC5940100A189F2 /* 8.m4a */,
				13C70DF52CC5940200A189F2 /* 9.m4a */,
				13C70DF32CC5940200A189F2 /* chiffre.m4a */,
				13C70DE92CC58E7200A189F2 /* bravo.m4a */,
				13C70DEA2CC58E7200A189F2 /* non.m4a */,
				13C70DD82CC58BA600A189F2 /* bleu.m4a */,
				13C70DDA2CC58BA600A189F2 /* carré.m4a */,
				13C70DD92CC58BA600A189F2 /* cercle.m4a */,
				13C70DDB2CC58BA600A189F2 /* jaune.m4a */,
				13C70DDE2CC58BA700A189F2 /* orange.m4a */,
				13C70DD72CC58BA600A189F2 /* ou_est_le.m4a */,
				13C70DD62CC58BA600A189F2 /* rouge.m4a */,
				13C70DD52CC58BA600A189F2 /* triangle.m4a */,
				13C70DDC2CC58BA700A189F2 /* vert.m4a */,
				13C70DDD2CC58BA700A189F2 /* violet.m4a */,
				13DE56072CC56B1900DE64D5 /* Info.plist */,
				13C3F9B02CC54E430004F890 /* LeonQUIZZApp.swift */,
				13C3F9B22CC54E430004F890 /* ContentView.swift */,
				13C3F9B42CC54E470004F890 /* Assets.xcassets */,
				13C3F9B62CC54E470004F890 /* Preview Content */,
			);
			path = LeonQUIZZ;
			sourceTree = "<group>";
		};
		13C3F9B62CC54E470004F890 /* Preview Content */ = {
			isa = PBXGroup;
			children = (
				13C3F9B72CC54E470004F890 /* Preview Assets.xcassets */,
			);
			path = "Preview Content";
			sourceTree = "<group>";
		};
/* End PBXGroup section */

/* Begin PBXNativeTarget section */
		13C3F9AC2CC54E430004F890 /* LeonQUIZZ */ = {
			isa = PBXNativeTarget;
			buildConfigurationList = 13C3F9BB2CC54E470004F890 /* Build configuration list for PBXNativeTarget "LeonQUIZZ" */;
			buildPhases = (
				13C3F9A92CC54E430004F890 /* Sources */,
				13C3F9AA2CC54E430004F890 /* Frameworks */,
				13C3F9AB2CC54E430004F890 /* Resources */,
			);
			buildRules = (
			);
			dependencies = (
			);
			name = LeonQUIZZ;
			productName = LeonQUIZZ;
			productReference = 13C3F9AD2CC54E430004F890 /* LeonQUIZZ.app */;
			productType = "com.apple.product-type.application";
		};
/* End PBXNativeTarget section */

/* Begin PBXProject section */
		13C3F9A52CC54E430004F890 /* Project object */ = {
			isa = PBXProject;
			attributes = {
				BuildIndependentTargetsInParallel = 1;
				LastSwiftUpdateCheck = 1320;
				LastUpgradeCheck = 1320;
				TargetAttributes = {
					13C3F9AC2CC54E430004F890 = {
						CreatedOnToolsVersion = 13.2.1;
					};
				};
			};
			buildConfigurationList = 13C3F9A82CC54E430004F890 /* Build configuration list for PBXProject "LeonQUIZZ" */;
			compatibilityVersion = "Xcode 13.0";
			developmentRegion = en;
			hasScannedForEncodings = 0;
			knownRegions = (
				en,
				Base,
			);
			mainGroup = 13C3F9A42CC54E430004F890;
			productRefGroup = 13C3F9AE2CC54E430004F890 /* Products */;
			projectDirPath = "";
			projectRoot = "";
			targets = (
				13C3F9AC2CC54E430004F890 /* LeonQUIZZ */,
			);
		};
/* End PBXProject section */

/* Begin PBXResourcesBuildPhase section */
		13C3F9AB2CC54E430004F890 /* Resources */ = {
			isa = PBXResourcesBuildPhase;
			buildActionMask = 2147483647;
			files = (
				13C70DFE2CC5940200A189F2 /* 3.m4a in Resources */,
				13C70DE22CC58D5E00A189F2 /* jaune.m4a in Resources */,
				13C70DEB2CC58E7200A189F2 /* bravo.m4a in Resources */,
				13C70DF92CC5940200A189F2 /* 4.m4a in Resources */,
				13C70DEC2CC58E7200A189F2 /* non.m4a in Resources */,
				13C70DF72CC5940200A189F2 /* 8.m4a in Resources */,
				13C70E002CC5940200A189F2 /* 1.m4a in Resources */,
				13C70DE82CC58D7100A189F2 /* vert.m4a in Resources */,
				13C70DFA2CC5940200A189F2 /* 7.m4a in Resources */,
				13C3F9B82CC54E470004F890 /* Preview Assets.xcassets in Resources */,
				13C70DDF2CC58D5400A189F2 /* bleu.m4a in Resources */,
				13C70DF82CC5940200A189F2 /* 2.m4a in Resources */,
				13C70DE52CC58D6700A189F2 /* rouge.m4a in Resources */,
				13C70DE72CC58D6D00A189F2 /* violet.m4a in Resources */,
				13C70DE02CC58D5700A189F2 /* carré.m4a in Resources */,
				13C70DFB2CC5940200A189F2 /* 6.m4a in Resources */,
				13C70DFC2CC5940200A189F2 /* 5.m4a in Resources */,
				13C70DE42CC58D6400A189F2 /* ou_est_le.m4a in Resources */,
				13C70DE12CC58D5A00A189F2 /* cercle.m4a in Resources */,
				13C3F9B52CC54E470004F890 /* Assets.xcassets in Resources */,
				13C70DE62CC58D6A00A189F2 /* triangle.m4a in Resources */,
				13C70DFD2CC5940200A189F2 /* chiffre.m4a in Resources */,
				13C70DE32CC58D6100A189F2 /* orange.m4a in Resources */,
				13C70DFF2CC5940200A189F2 /* 9.m4a in Resources */,
			);
			runOnlyForDeploymentPostprocessing = 0;
		};
/* End PBXResourcesBuildPhase section */

/* Begin PBXSourcesBuildPhase section */
		13C3F9A92CC54E430004F890 /* Sources */ = {
			isa = PBXSourcesBuildPhase;
			buildActionMask = 2147483647;
			files = (
				13C3F9B32CC54E430004F890 /* ContentView.swift in Sources */,
				13C3F9B12CC54E430004F890 /* LeonQUIZZApp.swift in Sources */,
			);
			runOnlyForDeploymentPostprocessing = 0;
		};
/* End PBXSourcesBuildPhase section */

/* Begin XCBuildConfiguration section */
		13C3F9B92CC54E470004F890 /* Debug */ = {
			isa = XCBuildConfiguration;
			buildSettings = {
				ALWAYS_SEARCH_USER_PATHS = NO;
				CLANG_ANALYZER_NONNULL = YES;
				CLANG_ANALYZER_NUMBER_OBJECT_CONVERSION = YES_AGGRESSIVE;
				CLANG_CXX_LANGUAGE_STANDARD = "gnu++17";
				CLANG_CXX_LIBRARY = "libc++";
				CLANG_ENABLE_MODULES = YES;
				CLANG_ENABLE_OBJC_ARC = YES;
				CLANG_ENABLE_OBJC_WEAK = YES;
				CLANG_WARN_BLOCK_CAPTURE_AUTORELEASING = YES;
				CLANG_WARN_BOOL_CONVERSION = YES;
				CLANG_WARN_COMMA = YES;
				CLANG_WARN_CONSTANT_CONVERSION = YES;
				CLANG_WARN_DEPRECATED_OBJC_IMPLEMENTATIONS = YES;
				CLANG_WARN_DIRECT_OBJC_ISA_USAGE = YES_ERROR;
				CLANG_WARN_DOCUMENTATION_COMMENTS = YES;
				CLANG_WARN_EMPTY_BODY = YES;
				CLANG_WARN_ENUM_CONVERSION = YES;
				CLANG_WARN_INFINITE_RECURSION = YES;
				CLANG_WARN_INT_CONVERSION = YES;
				CLANG_WARN_NON_LITERAL_NULL_CONVERSION = YES;
				CLANG_WARN_OBJC_IMPLICIT_RETAIN_SELF = YES;
				CLANG_WARN_OBJC_LITERAL_CONVERSION = YES;
				CLANG_WARN_OBJC_ROOT_CLASS = YES_ERROR;
				CLANG_WARN_QUOTED_INCLUDE_IN_FRAMEWORK_HEADER = YES;
				CLANG_WARN_RANGE_LOOP_ANALYSIS = YES;
				CLANG_WARN_STRICT_PROTOTYPES = YES;
				CLANG_WARN_SUSPICIOUS_MOVE = YES;
				CLANG_WARN_UNGUARDED_AVAILABILITY = YES_AGGRESSIVE;
				CLANG_WARN_UNREACHABLE_CODE = YES;
				CLANG_WARN__DUPLICATE_METHOD_MATCH = YES;
				COPY_PHASE_STRIP = NO;
				DEBUG_INFORMATION_FORMAT = dwarf;
				ENABLE_STRICT_OBJC_MSGSEND = YES;
				ENABLE_TESTABILITY = YES;
				GCC_C_LANGUAGE_STANDARD = gnu11;
				GCC_DYNAMIC_NO_PIC = NO;
				GCC_NO_COMMON_BLOCKS = YES;
				GCC_OPTIMIZATION_LEVEL = 0;
				GCC_PREPROCESSOR_DEFINITIONS = (
					"DEBUG=1",
					"$(inherited)",
				);
				GCC_WARN_64_TO_32_BIT_CONVERSION = YES;
				GCC_WARN_ABOUT_RETURN_TYPE = YES_ERROR;
				GCC_WARN_UNDECLARED_SELECTOR = YES;
				GCC_WARN_UNINITIALIZED_AUTOS = YES_AGGRESSIVE;
				GCC_WARN_UNUSED_FUNCTION = YES;
				GCC_WARN_UNUSED_VARIABLE = YES;
				IPHONEOS_DEPLOYMENT_TARGET = 15.2;
				MTL_ENABLE_DEBUG_INFO = INCLUDE_SOURCE;
				MTL_FAST_MATH = YES;
				ONLY_ACTIVE_ARCH = YES;
				SDKROOT = iphoneos;
				SWIFT_ACTIVE_COMPILATION_CONDITIONS = DEBUG;
				SWIFT_OPTIMIZATION_LEVEL = "-Onone";
			};
			name = Debug;
		};
		13C3F9BA2CC54E470004F890 /* Release */ = {
			isa = XCBuildConfiguration;
			buildSettings = {
				ALWAYS_SEARCH_USER_PATHS = NO;
				CLANG_ANALYZER_NONNULL = YES;
				CLANG_ANALYZER_NUMBER_OBJECT_CONVERSION = YES_AGGRESSIVE;
				CLANG_CXX_LANGUAGE_STANDARD = "gnu++17";
				CLANG_CXX_LIBRARY = "libc++";
				CLANG_ENABLE_MODULES = YES;
				CLANG_ENABLE_OBJC_ARC = YES;
				CLANG_ENABLE_OBJC_WEAK = YES;
				CLANG_WARN_BLOCK_CAPTURE_AUTORELEASING = YES;
				CLANG_WARN_BOOL_CONVERSION = YES;
				CLANG_WARN_COMMA = YES;
				CLANG_WARN_CONSTANT_CONVERSION = YES;
				CLANG_WARN_DEPRECATED_OBJC_IMPLEMENTATIONS = YES;
				CLANG_WARN_DIRECT_OBJC_ISA_USAGE = YES_ERROR;
				CLANG_WARN_DOCUMENTATION_COMMENTS = YES;
				CLANG_WARN_EMPTY_BODY = YES;
				CLANG_WARN_ENUM_CONVERSION = YES;
				CLANG_WARN_INFINITE_RECURSION = YES;
				CLANG_WARN_INT_CONVERSION = YES;
				CLANG_WARN_NON_LITERAL_NULL_CONVERSION = YES;
				CLANG_WARN_OBJC_IMPLICIT_RETAIN_SELF = YES;
				CLANG_WARN_OBJC_LITERAL_CONVERSION = YES;
				CLANG_WARN_OBJC_ROOT_CLASS = YES_ERROR;
				CLANG_WARN_QUOTED_INCLUDE_IN_FRAMEWORK_HEADER = YES;
				CLANG_WARN_RANGE_LOOP_ANALYSIS = YES;
				CLANG_WARN_STRICT_PROTOTYPES = YES;
				CLANG_WARN_SUSPICIOUS_MOVE = YES;
				CLANG_WARN_UNGUARDED_AVAILABILITY = YES_AGGRESSIVE;
				CLANG_WARN_UNREACHABLE_CODE = YES;
				CLANG_WARN__DUPLICATE_METHOD_MATCH = YES;
				COPY_PHASE_STRIP = NO;
				DEBUG_INFORMATION_FORMAT = "dwarf-with-dsym";
				ENABLE_NS_ASSERTIONS = NO;
				ENABLE_STRICT_OBJC_MSGSEND = YES;
				GCC_C_LANGUAGE_STANDARD = gnu11;
				GCC_NO_COMMON_BLOCKS = YES;
				GCC_WARN_64_TO_32_BIT_CONVERSION = YES;
				GCC_WARN_ABOUT_RETURN_TYPE = YES_ERROR;
				GCC_WARN_UNDECLARED_SELECTOR = YES;
				GCC_WARN_UNINITIALIZED_AUTOS = YES_AGGRESSIVE;
				GCC_WARN_UNUSED_FUNCTION = YES;
				GCC_WARN_UNUSED_VARIABLE = YES;
				IPHONEOS_DEPLOYMENT_TARGET = 15.2;
				MTL_ENABLE_DEBUG_INFO = NO;
				MTL_FAST_MATH = YES;
				SDKROOT = iphoneos;
				SWIFT_COMPILATION_MODE = wholemodule;
				SWIFT_OPTIMIZATION_LEVEL = "-O";
				VALIDATE_PRODUCT = YES;
			};
			name = Release;
		};
		13C3F9BC2CC54E470004F890 /* Debug */ = {
			isa = XCBuildConfiguration;
			buildSettings = {
				ASSETCATALOG_COMPILER_APPICON_NAME = AppIcon;
				ASSETCATALOG_COMPILER_GLOBAL_ACCENT_COLOR_NAME = AccentColor;
				CODE_SIGN_STYLE = Automatic;
				CURRENT_PROJECT_VERSION = 1;
				DEVELOPMENT_ASSET_PATHS = "\"LeonQUIZZ/Preview Content\"";
				DEVELOPMENT_TEAM = 4U78WUV7T6;
				ENABLE_PREVIEWS = YES;
				GENERATE_INFOPLIST_FILE = YES;
				INFOPLIST_FILE = LeonQUIZZ/Info.plist;
				INFOPLIST_KEY_UIApplicationSupportsIndirectInputEvents = YES;
				INFOPLIST_KEY_UILaunchScreen_Generation = YES;
				INFOPLIST_KEY_UISupportedInterfaceOrientations_iPad = "UIInterfaceOrientationLandscapeLeft UIInterfaceOrientationLandscapeRight";
				INFOPLIST_KEY_UISupportedInterfaceOrientations_iPhone = "UIInterfaceOrientationPortrait UIInterfaceOrientationLandscapeLeft UIInterfaceOrientationLandscapeRight";
				IPHONEOS_DEPLOYMENT_TARGET = 15.2;
				LD_RUNPATH_SEARCH_PATHS = (
					"$(inherited)",
					"@executable_path/Frameworks",
				);
				MARKETING_VERSION = 1.0;
				PRODUCT_BUNDLE_IDENTIFIER = Gogo.LeonQUIZZ;
				PRODUCT_NAME = "$(TARGET_NAME)";
				SWIFT_EMIT_LOC_STRINGS = YES;
				SWIFT_VERSION = 5.0;
				TARGETED_DEVICE_FAMILY = 2;
			};
			name = Debug;
		};
		13C3F9BD2CC54E470004F890 /* Release */ = {
			isa = XCBuildConfiguration;
			buildSettings = {
				ASSETCATALOG_COMPILER_APPICON_NAME = AppIcon;
				ASSETCATALOG_COMPILER_GLOBAL_ACCENT_COLOR_NAME = AccentColor;
				CODE_SIGN_STYLE = Automatic;
				CURRENT_PROJECT_VERSION = 1;
				DEVELOPMENT_ASSET_PATHS = "\"LeonQUIZZ/Preview Content\"";
				DEVELOPMENT_TEAM = 4U78WUV7T6;
				ENABLE_PREVIEWS = YES;
				GENERATE_INFOPLIST_FILE = YES;
				INFOPLIST_FILE = LeonQUIZZ/Info.plist;
				INFOPLIST_KEY_UIApplicationSupportsIndirectInputEvents = YES;
				INFOPLIST_KEY_UILaunchScreen_Generation = YES;
				INFOPLIST_KEY_UISupportedInterfaceOrientations_iPad = "UIInterfaceOrientationLandscapeLeft UIInterfaceOrientationLandscapeRight";
				INFOPLIST_KEY_UISupportedInterfaceOrientations_iPhone = "UIInterfaceOrientationPortrait UIInterfaceOrientationLandscapeLeft UIInterfaceOrientationLandscapeRight";
				IPHONEOS_DEPLOYMENT_TARGET = 15.2;
				LD_RUNPATH_SEARCH_PATHS = (
					"$(inherited)",
					"@executable_path/Frameworks",
				);
				MARKETING_VERSION = 1.0;
				PRODUCT_BUNDLE_IDENTIFIER = Gogo.LeonQUIZZ;
				PRODUCT_NAME = "$(TARGET_NAME)";
				SWIFT_EMIT_LOC_STRINGS = YES;
				SWIFT_VERSION = 5.0;
				TARGETED_DEVICE_FAMILY = 2;
			};
			name = Release;
		};
/* End XCBuildConfiguration section */

/* Begin XCConfigurationList section */
		13C3F9A82CC54E430004F890 /* Build configuration list for PBXProject "LeonQUIZZ" */ = {
			isa = XCConfigurationList;
			buildConfigurations = (
				13C3F9B92CC54E470004F890 /* Debug */,
				13C3F9BA2CC54E470004F890 /* Release */,
			);
			defaultConfigurationIsVisible = 0;
			defaultConfigurationName = Release;
		};
		13C3F9BB2CC54E470004F890 /* Build configuration list for PBXNativeTarget "LeonQUIZZ" */ = {
			isa = XCConfigurationList;
			buildConfigurations = (
				13C3F9BC2CC54E470004F890 /* Debug */,
				13C3F9BD2CC54E470004F890 /* Release */,
			);
			defaultConfigurationIsVisible = 0;
			defaultConfigurationName = Release;
		};
/* End XCConfigurationList section */
	};
	rootObject = 13C3F9A52CC54E430004F890 /* Project object */;
}
